
Microsoft Visual Studio Solution File, Format Version 12.00
# Visual Studio Version 17
VisualStudioVersion = 17.0.31919.166
MinimumVisualStudioVersion = 10.0.40219.1
Project("{9A19103F-16F7-4668-BE54-9A1E7A4F7556}") = "Question1", "Question1\Question1.csproj", "{21650A27-1F95-48CD-B79A-B2914445FE4D}"
EndProject
Project("{9A19103F-16F7-4668-BE54-9A1E7A4F7556}") = "Question2", "Question2\Question2.csproj", "{385A3E76-9A58-47B1-98B3-A937BF61EFA5}"
EndProject
Project("{2150E333-8FDC-42A3-9474-1A3956D46DE8}") = "Q1", "Q1", "{E5159D44-0EDA-4983-BD15-4074F711F319}"
EndProject
Project("{2150E333-8FDC-42A3-9474-1A3956D46DE8}") = "Q2", "Q2", "{27B6D196-1050-4D81-BE08-40A115900089}"
EndProject
Project("{2150E333-8FDC-42A3-9474-1A3956D46DE8}") = "Q3", "Q3", "{6933B76E-B1B2-43A5-B22E-961011589BD8}"
EndProject
Project("{9A19103F-16F7-4668-BE54-9A1E7A4F7556}") = "BlazorApp", "Question3a\BlazorApp\BlazorApp.csproj", "{5A511DF4-DFC5-4045-A2F9-7A19AF25CD9D}"
EndProject
Project("{9A19103F-16F7-4668-BE54-9A1E7A4F7556}") = "Q3aTests", "Question3a\Q3aTests\Q3aTests.csproj", "{AD078572-4D20-4622-91B7-4CD0D2FA3D23}"
EndProject
Project("{2150E333-8FDC-42A3-9474-1A3956D46DE8}") = "Q4", "Q4", "{A0058E57-0060-4EEA-A706-F2CFDF956EB8}"
EndProject
Global
	GlobalSection(SolutionConfigurationPlatforms) = preSolution
		Debug|Any CPU = Debug|Any CPU
		Release|Any CPU = Release|Any CPU
	EndGlobalSection
	GlobalSection(ProjectConfigurationPlatforms) = postSolution
		{21650A27-1F95-48CD-B79A-B2914445FE4D}.Debug|Any CPU.ActiveCfg = Debug|Any CPU
		{21650A27-1F95-48CD-B79A-B2914445FE4D}.Debug|Any CPU.Build.0 = Debug|Any CPU
		{21650A27-1F95-48CD-B79A-B2914445FE4D}.Release|Any CPU.ActiveCfg = Release|Any CPU
		{21650A27-1F95-48CD-B79A-B2914445FE4D}.Release|Any CPU.Build.0 = Release|Any CPU
		{385A3E76-9A58-47B1-98B3-A937BF61EFA5}.Debug|Any CPU.ActiveCfg = Debug|Any CPU
		{385A3E76-9A58-47B1-98B3-A937BF61EFA5}.Debug|Any CPU.Build.0 = Debug|Any CPU
		{385A3E76-9A58-47B1-98B3-A937BF61EFA5}.Release|Any CPU.ActiveCfg = Release|Any CPU
		{385A3E76-9A58-47B1-98B3-A937BF61EFA5}.Release|Any CPU.Build.0 = Release|Any CPU
		{5A511DF4-DFC5-4045-A2F9-7A19AF25CD9D}.Debug|Any CPU.ActiveCfg = Debug|Any CPU
		{5A511DF4-DFC5-4045-A2F9-7A19AF25CD9D}.Debug|Any CPU.Build.0 = Debug|Any CPU
		{5A511DF4-DFC5-4045-A2F9-7A19AF25CD9D}.Release|Any CPU.ActiveCfg = Release|Any CPU
		{5A511DF4-DFC5-4045-A2F9-7A19AF25CD9D}.Release|Any CPU.Build.0 = Release|Any CPU
		{AD078572-4D20-4622-91B7-4CD0D2FA3D23}.Debug|Any CPU.ActiveCfg = Debug|Any CPU
		{AD078572-4D20-4622-91B7-4CD0D2FA3D23}.Debug|Any CPU.Build.0 = Debug|Any CPU
		{AD078572-4D20-4622-91B7-4CD0D2FA3D23}.Release|Any CPU.ActiveCfg = Release|Any CPU
		{AD078572-4D20-4622-91B7-4CD0D2FA3D23}.Release|Any CPU.Build.0 = Release|Any CPU
	EndGlobalSection
	GlobalSection(SolutionProperties) = preSolution
		HideSolutionNode = FALSE
	EndGlobalSection
	GlobalSection(NestedProjects) = preSolution
		{21650A27-1F95-48CD-B79A-B2914445FE4D} = {E5159D44-0EDA-4983-BD15-4074F711F319}
		{385A3E76-9A58-47B1-98B3-A937BF61EFA5} = {27B6D196-1050-4D81-BE08-40A115900089}
		{5A511DF4-DFC5-4045-A2F9-7A19AF25CD9D} = {6933B76E-B1B2-43A5-B22E-961011589BD8}
		{AD078572-4D20-4622-91B7-4CD0D2FA3D23} = {6933B76E-B1B2-43A5-B22E-961011589BD8}
	EndGlobalSection
	GlobalSection(ExtensibilityGlobals) = postSolution
		SolutionGuid = {03B7DC7C-AE48-4632-AFBF-0426E8CB8A23}
	EndGlobalSection
EndGlobal
